
Microsoft Visual Studio Solution File, Format Version 12.00
# Visual Studio 15
VisualStudioVersion = 15.0.28010.2026
MinimumVisualStudioVersion = 10.0.40219.1
Project("{9A19103F-16F7-4668-BE54-9A1E7A4F7556}") = "WebLite", "WebLite\WebLite.csproj", "{E9424489-A1D9-4512-9D59-A2DB24727F44}"
EndProject
Project("{9A19103F-16F7-4668-BE54-9A1E7A4F7556}") = "EncryptLite", "EncryptLite\EncryptLite.csproj", "{FE3DE7EF-A3A9-41B2-BC35-84E30EA7E83D}"
EndProject
Project("{9A19103F-16F7-4668-BE54-9A1E7A4F7556}") = "DateLite", "DateLite\DateLite.csproj", "{75B0408C-EE53-4403-902A-07EC6F797FEA}"
EndProject
Project("{9A19103F-16F7-4668-BE54-9A1E7A4F7556}") = "IDGeneratorLite", "IDGeneratorLite\IDGeneratorLite.csproj", "{FBFE1639-231E-4C08-9F7A-6B87F867B54E}"
EndProject
Project("{9A19103F-16F7-4668-BE54-9A1E7A4F7556}") = "ExtendsLite", "ExtendsLite\ExtendsLite.csproj", "{38407E6D-565C-4C71-89AE-888BB2A560E7}"
EndProject
Project("{9A19103F-16F7-4668-BE54-9A1E7A4F7556}") = "PinyinLite", "PinyinLite\PinyinLite.csproj", "{D76C9234-5D6E-4B53-BBC4-72F4E8F43252}"
EndProject
Project("{9A19103F-16F7-4668-BE54-9A1E7A4F7556}") = "SqlLite", "SqlLite\SqlLite.csproj", "{E76F1F4A-4BD0-48CC-94E9-0952DC9080D6}"
EndProject
Project("{9A19103F-16F7-4668-BE54-9A1E7A4F7556}") = "RecifyLite", "RecifyLite\RecifyLite.csproj", "{9295404E-E482-4F31-A368-6A3944FC29B9}"
EndProject
Project("{FAE04EC0-301F-11D3-BF4B-00C04F79EFBC}") = "MailLite", "MailLite\MailLite.csproj", "{A3754887-BA31-4FCE-813B-88474C632A8F}"
EndProject
Global
	GlobalSection(SolutionConfigurationPlatforms) = preSolution
		Debug|Any CPU = Debug|Any CPU
		Release|Any CPU = Release|Any CPU
	EndGlobalSection
	GlobalSection(ProjectConfigurationPlatforms) = postSolution
		{E9424489-A1D9-4512-9D59-A2DB24727F44}.Debug|Any CPU.ActiveCfg = Debug|Any CPU
		{E9424489-A1D9-4512-9D59-A2DB24727F44}.Debug|Any CPU.Build.0 = Debug|Any CPU
		{E9424489-A1D9-4512-9D59-A2DB24727F44}.Release|Any CPU.ActiveCfg = Release|Any CPU
		{E9424489-A1D9-4512-9D59-A2DB24727F44}.Release|Any CPU.Build.0 = Release|Any CPU
		{FE3DE7EF-A3A9-41B2-BC35-84E30EA7E83D}.Debug|Any CPU.ActiveCfg = Debug|Any CPU
		{FE3DE7EF-A3A9-41B2-BC35-84E30EA7E83D}.Debug|Any CPU.Build.0 = Debug|Any CPU
		{FE3DE7EF-A3A9-41B2-BC35-84E30EA7E83D}.Release|Any CPU.ActiveCfg = Release|Any CPU
		{FE3DE7EF-A3A9-41B2-BC35-84E30EA7E83D}.Release|Any CPU.Build.0 = Release|Any CPU
		{75B0408C-EE53-4403-902A-07EC6F797FEA}.Debug|Any CPU.ActiveCfg = Debug|Any CPU
		{75B0408C-EE53-4403-902A-07EC6F797FEA}.Debug|Any CPU.Build.0 = Debug|Any CPU
		{75B0408C-EE53-4403-902A-07EC6F797FEA}.Release|Any CPU.ActiveCfg = Release|Any CPU
		{75B0408C-EE53-4403-902A-07EC6F797FEA}.Release|Any CPU.Build.0 = Release|Any CPU
		{FBFE1639-231E-4C08-9F7A-6B87F867B54E}.Debug|Any CPU.ActiveCfg = Debug|Any CPU
		{FBFE1639-231E-4C08-9F7A-6B87F867B54E}.Debug|Any CPU.Build.0 = Debug|Any CPU
		{FBFE1639-231E-4C08-9F7A-6B87F867B54E}.Release|Any CPU.ActiveCfg = Release|Any CPU
		{FBFE1639-231E-4C08-9F7A-6B87F867B54E}.Release|Any CPU.Build.0 = Release|Any CPU
		{38407E6D-565C-4C71-89AE-888BB2A560E7}.Debug|Any CPU.ActiveCfg = Debug|Any CPU
		{38407E6D-565C-4C71-89AE-888BB2A560E7}.Debug|Any CPU.Build.0 = Debug|Any CPU
		{38407E6D-565C-4C71-89AE-888BB2A560E7}.Release|Any CPU.ActiveCfg = Release|Any CPU
		{38407E6D-565C-4C71-89AE-888BB2A560E7}.Release|Any CPU.Build.0 = Release|Any CPU
		{D76C9234-5D6E-4B53-BBC4-72F4E8F43252}.Debug|Any CPU.ActiveCfg = Debug|Any CPU
		{D76C9234-5D6E-4B53-BBC4-72F4E8F43252}.Debug|Any CPU.Build.0 = Debug|Any CPU
		{D76C9234-5D6E-4B53-BBC4-72F4E8F43252}.Release|Any CPU.ActiveCfg = Release|Any CPU
		{D76C9234-5D6E-4B53-BBC4-72F4E8F43252}.Release|Any CPU.Build.0 = Release|Any CPU
		{E76F1F4A-4BD0-48CC-94E9-0952DC9080D6}.Debug|Any CPU.ActiveCfg = Debug|Any CPU
		{E76F1F4A-4BD0-48CC-94E9-0952DC9080D6}.Debug|Any CPU.Build.0 = Debug|Any CPU
		{E76F1F4A-4BD0-48CC-94E9-0952DC9080D6}.Release|Any CPU.ActiveCfg = Release|Any CPU
		{E76F1F4A-4BD0-48CC-94E9-0952DC9080D6}.Release|Any CPU.Build.0 = Release|Any CPU
		{9295404E-E482-4F31-A368-6A3944FC29B9}.Debug|Any CPU.ActiveCfg = Debug|Any CPU
		{9295404E-E482-4F31-A368-6A3944FC29B9}.Debug|Any CPU.Build.0 = Debug|Any CPU
		{9295404E-E482-4F31-A368-6A3944FC29B9}.Release|Any CPU.ActiveCfg = Release|Any CPU
		{9295404E-E482-4F31-A368-6A3944FC29B9}.Release|Any CPU.Build.0 = Release|Any CPU
		{A3754887-BA31-4FCE-813B-88474C632A8F}.Debug|Any CPU.ActiveCfg = Debug|Any CPU
		{A3754887-BA31-4FCE-813B-88474C632A8F}.Debug|Any CPU.Build.0 = Debug|Any CPU
		{A3754887-BA31-4FCE-813B-88474C632A8F}.Release|Any CPU.ActiveCfg = Release|Any CPU
		{A3754887-BA31-4FCE-813B-88474C632A8F}.Release|Any CPU.Build.0 = Release|Any CPU
	EndGlobalSection
	GlobalSection(SolutionProperties) = preSolution
		HideSolutionNode = FALSE
	EndGlobalSection
	GlobalSection(ExtensibilityGlobals) = postSolution
		SolutionGuid = {6AA6FF1F-58D6-4D4D-8BF2-842CC31D0ECF}
	EndGlobalSection
EndGlobal
